// !$*UTF8*$!
{
	archiveVersion = 1;
	classes = {
	};
	objectVersion = 48;
	objects = {

/* Begin PBXBuildFile section */
		DC76780D2011072E00940795 /* AppDelegate.m in Sources */ = {isa = PBXBuildFile; fileRef = DC76780C2011072E00940795 /* AppDelegate.m */; };
		DC7678102011072E00940795 /* ViewController.m in Sources */ = {isa = PBXBuildFile; fileRef = DC76780F2011072E00940795 /* ViewController.m */; };
		DC7678132011072E00940795 /* Main.storyboard in Resources */ = {isa = PBXBuildFile; fileRef = DC7678112011072E00940795 /* Main.storyboard */; };
		DC7678152011072E00940795 /* Assets.xcassets in Resources */ = {isa = PBXBuildFile; fileRef = DC7678142011072E00940795 /* Assets.xcassets */; };
		DC7678182011072E00940795 /* LaunchScreen.storyboard in Resources */ = {isa = PBXBuildFile; fileRef = DC7678162011072E00940795 /* LaunchScreen.storyboard */; };
		DC76781B2011072E00940795 /* main.m in Sources */ = {isa = PBXBuildFile; fileRef = DC76781A2011072E00940795 /* main.m */; };
		DC7678252011072E00940795 /* DeepLinkingDemoTests.m in Sources */ = {isa = PBXBuildFile; fileRef = DC7678242011072E00940795 /* DeepLinkingDemoTests.m */; };
		DC7678302011072E00940795 /* DeepLinkingDemoUITests.m in Sources */ = {isa = PBXBuildFile; fileRef = DC76782F2011072E00940795 /* DeepLinkingDemoUITests.m */; };
/* End PBXBuildFile section */

/* Begin PBXContainerItemProxy section */
		DC7678212011072E00940795 /* PBXContainerItemProxy */ = {
			isa = PBXContainerItemProxy;
			containerPortal = DC7678002011072E00940795 /* Project object */;
			proxyType = 1;
			remoteGlobalIDString = DC7678072011072E00940795;
			remoteInfo = DeepLinkingDemo;
		};
		DC76782C2011072E00940795 /* PBXContainerItemProxy */ = {
			isa = PBXContainerItemProxy;
			containerPortal = DC7678002011072E00940795 /* Project object */;
			proxyType = 1;
			remoteGlobalIDString = DC7678072011072E00940795;
			remoteInfo = DeepLinkingDemo;
		};
/* End PBXContainerItemProxy section */

/* Begin PBXFileReference section */
		DC7678082011072E00940795 /* DeepLinkingDemo.app */ = {isa = PBXFileReference; explicitFileType = wrapper.application; includeInIndex = 0; path = DeepLinkingDemo.app; sourceTree = BUILT_PRODUCTS_DIR; };
		DC76780B2011072E00940795 /* AppDelegate.h */ = {isa = PBXFileReference; lastKnownFileType = sourcecode.c.h; path = AppDelegate.h; sourceTree = "<group>"; };
		DC76780C2011072E00940795 /* AppDelegate.m */ = {isa = PBXFileReference; lastKnownFileType = sourcecode.c.objc; path = AppDelegate.m; sourceTree = "<group>"; };
		DC76780E2011072E00940795 /* ViewController.h */ = {isa = PBXFileReference; lastKnownFileType = sourcecode.c.h; path = ViewController.h; sourceTree = "<group>"; };
		DC76780F2011072E00940795 /* ViewController.m */ = {isa = PBXFileReference; lastKnownFileType = sourcecode.c.objc; path = ViewController.m; sourceTree = "<group>"; };
		DC7678122011072E00940795 /* Base */ = {isa = PBXFileReference; lastKnownFileType = file.storyboard; name = Base; path = Base.lproj/Main.storyboard; sourceTree = "<group>"; };
		DC7678142011072E00940795 /* Assets.xcassets */ = {isa = PBXFileReference; lastKnownFileType = folder.assetcatalog; path = Assets.xcassets; sourceTree = "<group>"; };
		DC7678172011072E00940795 /* Base */ = {isa = PBXFileReference; lastKnownFileType = file.storyboard; name = Base; path = Base.lproj/LaunchScreen.storyboard; sourceTree = "<group>"; };
		DC7678192011072E00940795 /* Info.plist */ = {isa = PBXFileReference; lastKnownFileType = text.plist.xml; path = Info.plist; sourceTree = "<group>"; };
		DC76781A2011072E00940795 /* main.m */ = {isa = PBXFileReference; lastKnownFileType = sourcecode.c.objc; path = main.m; sourceTree = "<group>"; };
		DC7678202011072E00940795 /* DeepLinkingDemoTests.xctest */ = {isa = PBXFileReference; explicitFileType = wrapper.cfbundle; includeInIndex = 0; path = DeepLinkingDemoTests.xctest; sourceTree = BUILT_PRODUCTS_DIR; };
		DC7678242011072E00940795 /* DeepLinkingDemoTests.m */ = {isa = PBXFileReference; lastKnownFileType = sourcecode.c.objc; path = DeepLinkingDemoTests.m; sourceTree = "<group>"; };
		DC7678262011072E00940795 /* Info.plist */ = {isa = PBXFileReference; lastKnownFileType = text.plist.xml; path = Info.plist; sourceTree = "<group>"; };
		DC76782B2011072E00940795 /* DeepLinkingDemoUITests.xctest */ = {isa = PBXFileReference; explicitFileType = wrapper.cfbundle; includeInIndex = 0; path = DeepLinkingDemoUITests.xctest; sourceTree = BUILT_PRODUCTS_DIR; };
		DC76782F2011072E00940795 /* DeepLinkingDemoUITests.m */ = {isa = PBXFileReference; lastKnownFileType = sourcecode.c.objc; path = DeepLinkingDemoUITests.m; sourceTree = "<group>"; };
		DC7678312011072E00940795 /* Info.plist */ = {isa = PBXFileReference; lastKnownFileType = text.plist.xml; path = Info.plist; sourceTree = "<group>"; };
/* End PBXFileReference section */

/* Begin PBXFrameworksBuildPhase section */
		DC7678052011072E00940795 /* Frameworks */ = {
			isa = PBXFrameworksBuildPhase;
			buildActionMask = 2147483647;
			files = (
			);
			runOnlyForDeploymentPostprocessing = 0;
		};
		DC76781D2011072E00940795 /* Frameworks */ = {
			isa = PBXFrameworksBuildPhase;
			buildActionMask = 2147483647;
			files = (
			);
			runOnlyForDeploymentPostprocessing = 0;
		};
		DC7678282011072E00940795 /* Frameworks */ = {
			isa = PBXFrameworksBuildPhase;
			buildActionMask = 2147483647;
			files = (
			);
			runOnlyForDeploymentPostprocessing = 0;
		};
/* End PBXFrameworksBuildPhase section */

/* Begin PBXGroup section */
		DC7677FF2011072E00940795 = {
			isa = PBXGroup;
			children = (
				DC76780A2011072E00940795 /* DeepLinkingDemo */,
				DC7678232011072E00940795 /* DeepLinkingDemoTests */,
				DC76782E2011072E00940795 /* DeepLinkingDemoUITests */,
				DC7678092011072E00940795 /* Products */,
			);
			sourceTree = "<group>";
		};
		DC7678092011072E00940795 /* Products */ = {
			isa = PBXGroup;
			children = (
				DC7678082011072E00940795 /* DeepLinkingDemo.app */,
				DC7678202011072E00940795 /* DeepLinkingDemoTests.xctest */,
				DC76782B2011072E00940795 /* DeepLinkingDemoUITests.xctest */,
			);
			name = Products;
			sourceTree = "<group>";
		};
		DC76780A2011072E00940795 /* DeepLinkingDemo */ = {
			isa = PBXGroup;
			children = (
				DC76780B2011072E00940795 /* AppDelegate.h */,
				DC76780C2011072E00940795 /* AppDelegate.m */,
				DC76780E2011072E00940795 /* ViewController.h */,
				DC76780F2011072E00940795 /* ViewController.m */,
				DC7678112011072E00940795 /* Main.storyboard */,
				DC7678142011072E00940795 /* Assets.xcassets */,
				DC7678162011072E00940795 /* LaunchScreen.storyboard */,
				DC7678192011072E00940795 /* Info.plist */,
				DC76781A2011072E00940795 /* main.m */,
			);
			path = DeepLinkingDemo;
			sourceTree = "<group>";
		};
		DC7678232011072E00940795 /* DeepLinkingDemoTests */ = {
			isa = PBXGroup;
			children = (
				DC7678242011072E00940795 /* DeepLinkingDemoTests.m */,
				DC7678262011072E00940795 /* Info.plist */,
			);
			path = DeepLinkingDemoTests;
			sourceTree = "<group>";
		};
		DC76782E2011072E00940795 /* DeepLinkingDemoUITests */ = {
			isa = PBXGroup;
			children = (
				DC76782F2011072E00940795 /* DeepLinkingDemoUITests.m */,
				DC7678312011072E00940795 /* Info.plist */,
			);
			path = DeepLinkingDemoUITests;
			sourceTree = "<group>";
		};
/* End PBXGroup section */

/* Begin PBXNativeTarget section */
		DC7678072011072E00940795 /* DeepLinkingDemo */ = {
			isa = PBXNativeTarget;
			buildConfigurationList = DC7678342011072E00940795 /* Build configuration list for PBXNativeTarget "DeepLinkingDemo" */;
			buildPhases = (
				DC7678042011072E00940795 /* Sources */,
				DC7678052011072E00940795 /* Frameworks */,
				DC7678062011072E00940795 /* Resources */,
			);
			buildRules = (
			);
			dependencies = (
			);
			name = DeepLinkingDemo;
			productName = DeepLinkingDemo;
			productReference = DC7678082011072E00940795 /* DeepLinkingDemo.app */;
			productType = "com.apple.product-type.application";
		};
		DC76781F2011072E00940795 /* DeepLinkingDemoTests */ = {
			isa = PBXNativeTarget;
			buildConfigurationList = DC7678372011072E00940795 /* Build configuration list for PBXNativeTarget "DeepLinkingDemoTests" */;
			buildPhases = (
				DC76781C2011072E00940795 /* Sources */,
				DC76781D2011072E00940795 /* Frameworks */,
				DC76781E2011072E00940795 /* Resources */,
			);
			buildRules = (
			);
			dependencies = (
				DC7678222011072E00940795 /* PBXTargetDependency */,
			);
			name = DeepLinkingDemoTests;
			productName = DeepLinkingDemoTests;
			productReference = DC7678202011072E00940795 /* DeepLinkingDemoTests.xctest */;
			productType = "com.apple.product-type.bundle.unit-test";
		};
		DC76782A2011072E00940795 /* DeepLinkingDemoUITests */ = {
			isa = PBXNativeTarget;
			buildConfigurationList = DC76783A2011072E00940795 /* Build configuration list for PBXNativeTarget "DeepLinkingDemoUITests" */;
			buildPhases = (
				DC7678272011072E00940795 /* Sources */,
				DC7678282011072E00940795 /* Frameworks */,
				DC7678292011072E00940795 /* Resources */,
			);
			buildRules = (
			);
			dependencies = (
				DC76782D2011072E00940795 /* PBXTargetDependency */,
			);
			name = DeepLinkingDemoUITests;
			productName = DeepLinkingDemoUITests;
			productReference = DC76782B2011072E00940795 /* DeepLinkingDemoUITests.xctest */;
			productType = "com.apple.product-type.bundle.ui-testing";
		};
/* End PBXNativeTarget section */

/* Begin PBXProject section */
		DC7678002011072E00940795 /* Project object */ = {
			isa = PBXProject;
			attributes = {
				LastUpgradeCheck = 0920;
				ORGANIZATIONNAME = arunabhdas;
				TargetAttributes = {
					DC7678072011072E00940795 = {
						CreatedOnToolsVersion = 9.2;
						ProvisioningStyle = Automatic;
					};
					DC76781F2011072E00940795 = {
						CreatedOnToolsVersion = 9.2;
						ProvisioningStyle = Automatic;
						TestTargetID = DC7678072011072E00940795;
					};
					DC76782A2011072E00940795 = {
						CreatedOnToolsVersion = 9.2;
						ProvisioningStyle = Automatic;
						TestTargetID = DC7678072011072E00940795;
					};
				};
			};
			buildConfigurationList = DC7678032011072E00940795 /* Build configuration list for PBXProject "DeepLinkingDemo" */;
			compatibilityVersion = "Xcode 8.0";
			developmentRegion = en;
			hasScannedForEncodings = 0;
			knownRegions = (
				en,
				Base,
			);
			mainGroup = DC7677FF2011072E00940795;
			productRefGroup = DC7678092011072E00940795 /* Products */;
			projectDirPath = "";
			projectRoot = "";
			targets = (
				DC7678072011072E00940795 /* DeepLinkingDemo */,
				DC76781F2011072E00940795 /* DeepLinkingDemoTests */,
				DC76782A2011072E00940795 /* DeepLinkingDemoUITests */,
			);
		};
/* End PBXProject section */

/* Begin PBXResourcesBuildPhase section */
		DC7678062011072E00940795 /* Resources */ = {
			isa = PBXResourcesBuildPhase;
			buildActionMask = 2147483647;
			files = (
				DC7678182011072E00940795 /* LaunchScreen.storyboard in Resources */,
				DC7678152011072E00940795 /* Assets.xcassets in Resources */,
				DC7678132011072E00940795 /* Main.storyboard in Resources */,
			);
			runOnlyForDeploymentPostprocessing = 0;
		};
		DC76781E2011072E00940795 /* Resources */ = {
			isa = PBXResourcesBuildPhase;
			buildActionMask = 2147483647;
			files = (
			);
			runOnlyForDeploymentPostprocessing = 0;
		};
		DC7678292011072E00940795 /* Resources */ = {
			isa = PBXResourcesBuildPhase;
			buildActionMask = 2147483647;
			files = (
			);
			runOnlyForDeploymentPostprocessing = 0;
		};
/* End PBXResourcesBuildPhase section */

/* Begin PBXSourcesBuildPhase section */
		DC7678042011072E00940795 /* Sources */ = {
			isa = PBXSourcesBuildPhase;
			buildActionMask = 2147483647;
			files = (
				DC7678102011072E00940795 /* ViewController.m in Sources */,
				DC76781B2011072E00940795 /* main.m in Sources */,
				DC76780D2011072E00940795 /* AppDelegate.m in Sources */,
			);
			runOnlyForDeploymentPostprocessing = 0;
		};
		DC76781C2011072E00940795 /* Sources */ = {
			isa = PBXSourcesBuildPhase;
			buildActionMask = 2147483647;
			files = (
				DC7678252011072E00940795 /* DeepLinkingDemoTests.m in Sources */,
			);
			runOnlyForDeploymentPostprocessing = 0;
		};
		DC7678272011072E00940795 /* Sources */ = {
			isa = PBXSourcesBuildPhase;
			buildActionMask = 2147483647;
			files = (
				DC7678302011072E00940795 /* DeepLinkingDemoUITests.m in Sources */,
			);
			runOnlyForDeploymentPostprocessing = 0;
		};
/* End PBXSourcesBuildPhase section */

/* Begin PBXTargetDependency section */
		DC7678222011072E00940795 /* PBXTargetDependency */ = {
			isa = PBXTargetDependency;
			target = DC7678072011072E00940795 /* DeepLinkingDemo */;
			targetProxy = DC7678212011072E00940795 /* PBXContainerItemProxy */;
		};
		DC76782D2011072E00940795 /* PBXTargetDependency */ = {
			isa = PBXTargetDependency;
			target = DC7678072011072E00940795 /* DeepLinkingDemo */;
			targetProxy = DC76782C2011072E00940795 /* PBXContainerItemProxy */;
		};
/* End PBXTargetDependency section */

/* Begin PBXVariantGroup section */
		DC7678112011072E00940795 /* Main.storyboard */ = {
			isa = PBXVariantGroup;
			children = (
				DC7678122011072E00940795 /* Base */,
			);
			name = Main.storyboard;
			sourceTree = "<group>";
		};
		DC7678162011072E00940795 /* LaunchScreen.storyboard */ = {
			isa = PBXVariantGroup;
			children = (
				DC7678172011072E00940795 /* Base */,
			);
			name = LaunchScreen.storyboard;
			sourceTree = "<group>";
		};
/* End PBXVariantGroup section */

/* Begin XCBuildConfiguration section */
		DC7678322011072E00940795 /* Debug */ = {
			isa = XCBuildConfiguration;
			buildSettings = {
				ALWAYS_SEARCH_USER_PATHS = NO;
				CLANG_ANALYZER_NONNULL = YES;
				CLANG_ANALYZER_NUMBER_OBJECT_CONVERSION = YES_AGGRESSIVE;
				CLANG_CXX_LANGUAGE_STANDARD = "gnu++14";
				CLANG_CXX_LIBRARY = "libc++";
				CLANG_ENABLE_MODULES = YES;
				CLANG_ENABLE_OBJC_ARC = YES;
				CLANG_WARN_BLOCK_CAPTURE_AUTORELEASING = YES;
				CLANG_WARN_BOOL_CONVERSION = YES;
				CLANG_WARN_COMMA = YES;
				CLANG_WARN_CONSTANT_CONVERSION = YES;
				CLANG_WARN_DIRECT_OBJC_ISA_USAGE = YES_ERROR;
				CLANG_WARN_DOCUMENTATION_COMMENTS = YES;
				CLANG_WARN_EMPTY_BODY = YES;
				CLANG_WARN_ENUM_CONVERSION = YES;
				CLANG_WARN_INFINITE_RECURSION = YES;
				CLANG_WARN_INT_CONVERSION = YES;
				CLANG_WARN_NON_LITERAL_NULL_CONVERSION = YES;
				CLANG_WARN_OBJC_LITERAL_CONVERSION = YES;
				CLANG_WARN_OBJC_ROOT_CLASS = YES_ERROR;
				CLANG_WARN_RANGE_LOOP_ANALYSIS = YES;
				CLANG_WARN_STRICT_PROTOTYPES = YES;
				CLANG_WARN_SUSPICIOUS_MOVE = YES;
				CLANG_WARN_UNGUARDED_AVAILABILITY = YES_AGGRESSIVE;
				CLANG_WARN_UNREACHABLE_CODE = YES;
				CLANG_WARN__DUPLICATE_METHOD_MATCH = YES;
				CODE_SIGN_IDENTITY = "iPhone Developer";
				COPY_PHASE_STRIP = NO;
				DEBUG_INFORMATION_FORMAT = dwarf;
				ENABLE_STRICT_OBJC_MSGSEND = YES;
				ENABLE_TESTABILITY = YES;
				GCC_C_LANGUAGE_STANDARD = gnu11;
				GCC_DYNAMIC_NO_PIC = NO;
				GCC_NO_COMMON_BLOCKS = YES;
				GCC_OPTIMIZATION_LEVEL = 0;
				GCC_PREPROCESSOR_DEFINITIONS = (
					"DEBUG=1",
					"$(inherited)",
				);
				GCC_WARN_64_TO_32_BIT_CONVERSION = YES;
				GCC_WARN_ABOUT_RETURN_TYPE = YES_ERROR;
				GCC_WARN_UNDECLARED_SELECTOR = YES;
				GCC_WARN_UNINITIALIZED_AUTOS = YES_AGGRESSIVE;
				GCC_WARN_UNUSED_FUNCTION = YES;
				GCC_WARN_UNUSED_VARIABLE = YES;
				IPHONEOS_DEPLOYMENT_TARGET = 11.2;
				MTL_ENABLE_DEBUG_INFO = YES;
				ONLY_ACTIVE_ARCH = YES;
				SDKROOT = iphoneos;
			};
			name = Debug;
		};
		DC7678332011072E00940795 /* Release */ = {
			isa = XCBuildConfiguration;
			buildSettings = {
				ALWAYS_SEARCH_USER_PATHS = NO;
				CLANG_ANALYZER_NONNULL = YES;
				CLANG_ANALYZER_NUMBER_OBJECT_CONVERSION = YES_AGGRESSIVE;
				CLANG_CXX_LANGUAGE_STANDARD = "gnu++14";
				CLANG_CXX_LIBRARY = "libc++";
				CLANG_ENABLE_MODULES = YES;
				CLANG_ENABLE_OBJC_ARC = YES;
				CLANG_WARN_BLOCK_CAPTURE_AUTORELEASING = YES;
				CLANG_WARN_BOOL_CONVERSION = YES;
				CLANG_WARN_COMMA = YES;
				CLANG_WARN_CONSTANT_CONVERSION = YES;
				CLANG_WARN_DIRECT_OBJC_ISA_USAGE = YES_ERROR;
				CLANG_WARN_DOCUMENTATION_COMMENTS = YES;
				CLANG_WARN_EMPTY_BODY = YES;
				CLANG_WARN_ENUM_CONVERSION = YES;
				CLANG_WARN_INFINITE_RECURSION = YES;
				CLANG_WARN_INT_CONVERSION = YES;
				CLANG_WARN_NON_LITERAL_NULL_CONVERSION = YES;
				CLANG_WARN_OBJC_LITERAL_CONVERSION = YES;
				CLANG_WARN_OBJC_ROOT_CLASS = YES_ERROR;
				CLANG_WARN_RANGE_LOOP_ANALYSIS = YES;
				CLANG_WARN_STRICT_PROTOTYPES = YES;
				CLANG_WARN_SUSPICIOUS_MOVE = YES;
				CLANG_WARN_UNGUARDED_AVAILABILITY = YES_AGGRESSIVE;
				CLANG_WARN_UNREACHABLE_CODE = YES;
				CLANG_WARN__DUPLICATE_METHOD_MATCH = YES;
				CODE_SIGN_IDENTITY = "iPhone Developer";
				COPY_PHASE_STRIP = NO;
				DEBUG_INFORMATION_FORMAT = "dwarf-with-dsym";
				ENABLE_NS_ASSERTIONS = NO;
				ENABLE_STRICT_OBJC_MSGSEND = YES;
				GCC_C_LANGUAGE_STANDARD = gnu11;
				GCC_NO_COMMON_BLOCKS = YES;
				GCC_WARN_64_TO_32_BIT_CONVERSION = YES;
				GCC_WARN_ABOUT_RETURN_TYPE = YES_ERROR;
				GCC_WARN_UNDECLARED_SELECTOR = YES;
				GCC_WARN_UNINITIALIZED_AUTOS = YES_AGGRESSIVE;
				GCC_WARN_UNUSED_FUNCTION = YES;
				GCC_WARN_UNUSED_VARIABLE = YES;
				IPHONEOS_DEPLOYMENT_TARGET = 11.2;
				MTL_ENABLE_DEBUG_INFO = NO;
				SDKROOT = iphoneos;
				VALIDATE_PRODUCT = YES;
			};
			name = Release;
		};
		DC7678352011072E00940795 /* Debug */ = {
			isa = XCBuildConfiguration;
			buildSettings = {
				ASSETCATALOG_COMPILER_APPICON_NAME = AppIcon;
				CODE_SIGN_STYLE = Automatic;
				DEVELOPMENT_TEAM = 8GVFL9KS7M;
				INFOPLIST_FILE = DeepLinkingDemo/Info.plist;
				LD_RUNPATH_SEARCH_PATHS = "$(inherited) @executable_path/Frameworks";
				PRODUCT_BUNDLE_IDENTIFIER = com.arunabhdas.DeepLinkingDemo;
				PRODUCT_NAME = "$(TARGET_NAME)";
				TARGETED_DEVICE_FAMILY = "1,2";
			};
			name = Debug;
		};
		DC7678362011072E00940795 /* Release */ = {
			isa = XCBuildConfiguration;
			buildSettings = {
				ASSETCATALOG_COMPILER_APPICON_NAME = AppIcon;
				CODE_SIGN_STYLE = Automatic;
				DEVELOPMENT_TEAM = 8GVFL9KS7M;
				INFOPLIST_FILE = DeepLinkingDemo/Info.plist;
				LD_RUNPATH_SEARCH_PATHS = "$(inherited) @executable_path/Frameworks";
				PRODUCT_BUNDLE_IDENTIFIER = com.arunabhdas.DeepLinkingDemo;
				PRODUCT_NAME = "$(TARGET_NAME)";
				TARGETED_DEVICE_FAMILY = "1,2";
			};
			name = Release;
		};
		DC7678382011072E00940795 /* Debug */ = {
			isa = XCBuildConfiguration;
			buildSettings = {
				BUNDLE_LOADER = "$(TEST_HOST)";
				CODE_SIGN_STYLE = Automatic;
				DEVELOPMENT_TEAM = 8GVFL9KS7M;
				INFOPLIST_FILE = DeepLinkingDemoTests/Info.plist;
				LD_RUNPATH_SEARCH_PATHS = "$(inherited) @executable_path/Frameworks @loader_path/Frameworks";
				PRODUCT_BUNDLE_IDENTIFIER = com.arunabhdas.DeepLinkingDemoTests;
				PRODUCT_NAME = "$(TARGET_NAME)";
				TARGETED_DEVICE_FAMILY = "1,2";
				TEST_HOST = "$(BUILT_PRODUCTS_DIR)/DeepLinkingDemo.app/DeepLinkingDemo";
			};
			name = Debug;
		};
		DC7678392011072E00940795 /* Release */ = {
			isa = XCBuildConfiguration;
			buildSettings = {
				BUNDLE_LOADER = "$(TEST_HOST)";
				CODE_SIGN_STYLE = Automatic;
				DEVELOPMENT_TEAM = 8GVFL9KS7M;
				INFOPLIST_FILE = DeepLinkingDemoTests/Info.plist;
				LD_RUNPATH_SEARCH_PATHS = "$(inherited) @executable_path/Frameworks @loader_path/Frameworks";
				PRODUCT_BUNDLE_IDENTIFIER = com.arunabhdas.DeepLinkingDemoTests;
				PRODUCT_NAME = "$(TARGET_NAME)";
				TARGETED_DEVICE_FAMILY = "1,2";
				TEST_HOST = "$(BUILT_PRODUCTS_DIR)/DeepLinkingDemo.app/DeepLinkingDemo";
			};
			name = Release;
		};
		DC76783B2011072E00940795 /* Debug */ = {
			isa = XCBuildConfiguration;
			buildSettings = {
				CODE_SIGN_STYLE = Automatic;
				DEVELOPMENT_TEAM = 8GVFL9KS7M;
				INFOPLIST_FILE = DeepLinkingDemoUITests/Info.plist;
				LD_RUNPATH_SEARCH_PATHS = "$(inherited) @executable_path/Frameworks @loader_path/Frameworks";
				PRODUCT_BUNDLE_IDENTIFIER = com.arunabhdas.DeepLinkingDemoUITests;
				PRODUCT_NAME = "$(TARGET_NAME)";
				TARGETED_DEVICE_FAMILY = "1,2";
				TEST_TARGET_NAME = DeepLinkingDemo;
			};
			name = Debug;
		};
		DC76783C2011072E00940795 /* Release */ = {
			isa = XCBuildConfiguration;
			buildSettings = {
				CODE_SIGN_STYLE = Automatic;
				DEVELOPMENT_TEAM = 8GVFL9KS7M;
				INFOPLIST_FILE = DeepLinkingDemoUITests/Info.plist;
				LD_RUNPATH_SEARCH_PATHS = "$(inherited) @executable_path/Frameworks @loader_path/Frameworks";
				PRODUCT_BUNDLE_IDENTIFIER = com.arunabhdas.DeepLinkingDemoUITests;
				PRODUCT_NAME = "$(TARGET_NAME)";
				TARGETED_DEVICE_FAMILY = "1,2";
				TEST_TARGET_NAME = DeepLinkingDemo;
			};
			name = Release;
		};
/* End XCBuildConfiguration section */

/* Begin XCConfigurationList section */
		DC7678032011072E00940795 /* Build configuration list for PBXProject "DeepLinkingDemo" */ = {
			isa = XCConfigurationList;
			buildConfigurations = (
				DC7678322011072E00940795 /* Debug */,
				DC7678332011072E00940795 /* Release */,
			);
			defaultConfigurationIsVisible = 0;
			defaultConfigurationName = Release;
		};
		DC7678342011072E00940795 /* Build configuration list for PBXNativeTarget "DeepLinkingDemo" */ = {
			isa = XCConfigurationList;
			buildConfigurations = (
				DC7678352011072E00940795 /* Debug */,
				DC7678362011072E00940795 /* Release */,
			);
			defaultConfigurationIsVisible = 0;
			defaultConfigurationName = Release;
		};
		DC7678372011072E00940795 /* Build configuration list for PBXNativeTarget "DeepLinkingDemoTests" */ = {
			isa = XCConfigurationList;
			buildConfigurations = (
				DC7678382011072E00940795 /* Debug */,
				DC7678392011072E00940795 /* Release */,
			);
			defaultConfigurationIsVisible = 0;
			defaultConfigurationName = Release;
		};
		DC76783A2011072E00940795 /* Build configuration list for PBXNativeTarget "DeepLinkingDemoUITests" */ = {
			isa = XCConfigurationList;
			buildConfigurations = (
				DC76783B2011072E00940795 /* Debug */,
				DC76783C2011072E00940795 /* Release */,
			);
			defaultConfigurationIsVisible = 0;
			defaultConfigurationName = Release;
		};
/* End XCConfigurationList section */
	};
	rootObject = DC7678002011072E00940795 /* Project object */;
}
